// !$*UTF8*$!
{
	archiveVersion = 1;
	classes = {
	};
	objectVersion = 51;
	objects = {

/* Begin PBXBuildFile section */
		113B9C17B86467314FD15193 /* Pods_NumbersLightTests.framework in Frameworks */ = {isa = PBXBuildFile; fileRef = C88F976623E5D8B68F34E4A9 /* Pods_NumbersLightTests.framework */; };
		29606D8BA6BB74D3E7096A22 /* NumbersLightListPresenter.swift in Sources */ = {isa = PBXBuildFile; fileRef = 7EB5E44D49DF6330B330E182 /* NumbersLightListPresenter.swift */; };
		2EEDA008D06E1412A6AB3F5F /* NumbersLightDetailViewController.swift in Sources */ = {isa = PBXBuildFile; fileRef = B84458227D496109929BA52A /* NumbersLightDetailViewController.swift */; };
		36347C2923DF4A5400059A32 /* AppDelegate.swift in Sources */ = {isa = PBXBuildFile; fileRef = 36347C2823DF4A5400059A32 /* AppDelegate.swift */; };
		36347C3223DF4A5700059A32 /* Assets.xcassets in Resources */ = {isa = PBXBuildFile; fileRef = 36347C3123DF4A5700059A32 /* Assets.xcassets */; };
		36347C3523DF4A5700059A32 /* LaunchScreen.storyboard in Resources */ = {isa = PBXBuildFile; fileRef = 36347C3323DF4A5700059A32 /* LaunchScreen.storyboard */; };
		36347C4023DF4A5700059A32 /* NumbersLightTests.swift in Sources */ = {isa = PBXBuildFile; fileRef = 36347C3F23DF4A5700059A32 /* NumbersLightTests.swift */; };
		36347C4B23DF4A5700059A32 /* NumbersLightUITests.swift in Sources */ = {isa = PBXBuildFile; fileRef = 36347C4A23DF4A5700059A32 /* NumbersLightUITests.swift */; };
		366E2ECF23E82C4600CB95C3 /* UIViewController+displayError.swift in Sources */ = {isa = PBXBuildFile; fileRef = 366E2ECE23E82C4600CB95C3 /* UIViewController+displayError.swift */; };
		36A436AD23E02C9100782BC4 /* NumbersLightAPIRouter.swift in Sources */ = {isa = PBXBuildFile; fileRef = 36A436AC23E02C9100782BC4 /* NumbersLightAPIRouter.swift */; };
		36A436AF23E02F2B00782BC4 /* NumberLightService.swift in Sources */ = {isa = PBXBuildFile; fileRef = 36A436AE23E02F2B00782BC4 /* NumberLightService.swift */; };
		36A436BB23E02F5000782BC4 /* NumbersLightListInteractorSpecs.swift in Sources */ = {isa = PBXBuildFile; fileRef = 36A436B323E02F5000782BC4 /* NumbersLightListInteractorSpecs.swift */; };
		36A436BD23E02F5000782BC4 /* NumbersLightListviewcontrollerSpecs.swift in Sources */ = {isa = PBXBuildFile; fileRef = 36A436B823E02F5000782BC4 /* NumbersLightListviewcontrollerSpecs.swift */; };
		36A436BE23E02F5000782BC4 /* NumbersLightListRouterSpecs.swift in Sources */ = {isa = PBXBuildFile; fileRef = 36A436BA23E02F5000782BC4 /* NumbersLightListRouterSpecs.swift */; };
		36A436C023E02F7400782BC4 /* NumberLightServiceSpecs.swift in Sources */ = {isa = PBXBuildFile; fileRef = 36A436BF23E02F7400782BC4 /* NumberLightServiceSpecs.swift */; };
		36A436C223E031C700782BC4 /* Mock.generated.swift in Sources */ = {isa = PBXBuildFile; fileRef = 36A436C123E031C700782BC4 /* Mock.generated.swift */; };
		36A436C423E08B4100782BC4 /* NumberLight.swift in Sources */ = {isa = PBXBuildFile; fileRef = 36A436C323E08B4100782BC4 /* NumberLight.swift */; };
		36A436C623E1FE8C00782BC4 /* NumbersLightListViewController.storyboard in Resources */ = {isa = PBXBuildFile; fileRef = 36A436C523E1FE8C00782BC4 /* NumbersLightListViewController.storyboard */; };
		36A436C923E2160B00782BC4 /* NumberLightTableViewCell.swift in Sources */ = {isa = PBXBuildFile; fileRef = 36A436C723E2160B00782BC4 /* NumberLightTableViewCell.swift */; };
		36A436CA23E2160B00782BC4 /* NumberLightTableViewCell.xib in Resources */ = {isa = PBXBuildFile; fileRef = 36A436C823E2160B00782BC4 /* NumberLightTableViewCell.xib */; };
		36A436CC23E2192600782BC4 /* UITableViewRegistrable.swift in Sources */ = {isa = PBXBuildFile; fileRef = 36A436CB23E2192600782BC4 /* UITableViewRegistrable.swift */; };
		36A436CE23E31C7700782BC4 /* NetworkManager.swift in Sources */ = {isa = PBXBuildFile; fileRef = 36A436CD23E31C7700782BC4 /* NetworkManager.swift */; };
		36B8DB3423E59DDC00714E4D /* NumbersLightDetail.storyboard in Resources */ = {isa = PBXBuildFile; fileRef = 36B8DB3323E59DDC00714E4D /* NumbersLightDetail.storyboard */; };
		389B4560643D79510938F995 /* Pods_NumbersLight.framework in Frameworks */ = {isa = PBXBuildFile; fileRef = 0AFD3C53405BE24492177125 /* Pods_NumbersLight.framework */; };
		4F52D608BC09DD6C952A58D5 /* NumbersLightDetailProtocols.swift in Sources */ = {isa = PBXBuildFile; fileRef = 780484657DF5327D94BCBE6D /* NumbersLightDetailProtocols.swift */; };
		5559BFFD90BB5FE1F92784F8 /* NumbersLightDetailConfigurator.swift in Sources */ = {isa = PBXBuildFile; fileRef = C2C5BEBEC28E105E1453891D /* NumbersLightDetailConfigurator.swift */; };
		69D4D7E120700AF6B47A5B79 /* NumbersLightListPresenterSpecs.swift in Sources */ = {isa = PBXBuildFile; fileRef = 6DE327D811DF00199C77464C /* NumbersLightListPresenterSpecs.swift */; };
		7DDA3B84A45E79004C182440 /* NumbersLightDetailRouter.swift in Sources */ = {isa = PBXBuildFile; fileRef = A0B02257357AA473A28C3E55 /* NumbersLightDetailRouter.swift */; };
		890AD00CC9A36D3BEC8DC674 /* NumbersLightListviewcontrollerSpecs.swift in Sources */ = {isa = PBXBuildFile; fileRef = 12B501E5AC759B00C653E037 /* NumbersLightListviewcontrollerSpecs.swift */; };
		927D870F4C31BA19E9F5FB14 /* NumbersLightListConfigurator.swift in Sources */ = {isa = PBXBuildFile; fileRef = D8549FE8B4B1A9834E50B3EB /* NumbersLightListConfigurator.swift */; };
		97B4C29B67EA8E6CD3C89E47 /* NumbersLightListViewController.swift in Sources */ = {isa = PBXBuildFile; fileRef = 46F0485ECA042C6D63985B28 /* NumbersLightListViewController.swift */; };
		991EEB647A5986E808F39B60 /* NumbersLightDetailInitializer.swift in Sources */ = {isa = PBXBuildFile; fileRef = 343E2388B8501583F718069B /* NumbersLightDetailInitializer.swift */; };
		A6AB58B7D5597A1F6C1FD13F /* NumbersLightDetailInteractorSpecs.swift in Sources */ = {isa = PBXBuildFile; fileRef = 568B3891C80812FD6B020776 /* NumbersLightDetailInteractorSpecs.swift */; };
		AA94CDE1464F321E9C62C3DC /* NumbersLightDetailInteractor.swift in Sources */ = {isa = PBXBuildFile; fileRef = B04E89FDC1754D9CB52F56D6 /* NumbersLightDetailInteractor.swift */; };
		B36A96B0787FD01DE9BA5B8F /* NumbersLightListRouter.swift in Sources */ = {isa = PBXBuildFile; fileRef = EFCC5BD9D4E12D35CDC2AFFE /* NumbersLightListRouter.swift */; };
		BAAD316F6092DD727B9D1267 /* NumbersLightListInitializer.swift in Sources */ = {isa = PBXBuildFile; fileRef = FF0A91F1BE01E816D4BEC214 /* NumbersLightListInitializer.swift */; };
		BFF3412924859C64EFE9613F /* NumbersLightDetailviewcontrollerSpecs.swift in Sources */ = {isa = PBXBuildFile; fileRef = DD3EC3B7DDB583CB91E5D8E3 /* NumbersLightDetailviewcontrollerSpecs.swift */; };
		CA0ED75E4EC43128EF2262BF /* NumbersLightDetailPresenter.swift in Sources */ = {isa = PBXBuildFile; fileRef = 89ACB72254339BDF1AB605EF /* NumbersLightDetailPresenter.swift */; };
		CA66C56896DDB68C4362B05C /* NumbersLightListProtocols.swift in Sources */ = {isa = PBXBuildFile; fileRef = 88CEED1647C7A4E84D0FD9C8 /* NumbersLightListProtocols.swift */; };
		D0D3A01020BFEE53111CBAD2 /* NumbersLightDetailPresenterSpecs.swift in Sources */ = {isa = PBXBuildFile; fileRef = CC44E0F8381B68B039B4E1C1 /* NumbersLightDetailPresenterSpecs.swift */; };
		E7889209EDD6C916EAE7F8BA /* NumbersLightListInteractor.swift in Sources */ = {isa = PBXBuildFile; fileRef = 63F4979D536AEA58912CF782 /* NumbersLightListInteractor.swift */; };
		E99C5FEC6ED3978DA10A0AC0 /* Pods_NumbersLight_NumbersLightUITests.framework in Frameworks */ = {isa = PBXBuildFile; fileRef = 40483C23A1DD9E069E1E5C6F /* Pods_NumbersLight_NumbersLightUITests.framework */; };
		F510C5116A7ED88B6376D186 /* NumbersLightDetailRouterSpecs.swift in Sources */ = {isa = PBXBuildFile; fileRef = D995CCBD4F8838400678BB43 /* NumbersLightDetailRouterSpecs.swift */; };
/* End PBXBuildFile section */

/* Begin PBXContainerItemProxy section */
		36347C3C23DF4A5700059A32 /* PBXContainerItemProxy */ = {
			isa = PBXContainerItemProxy;
			containerPortal = 36347C1D23DF4A5400059A32 /* Project object */;
			proxyType = 1;
			remoteGlobalIDString = 36347C2423DF4A5400059A32;
			remoteInfo = NumbersLight;
		};
		36347C4723DF4A5700059A32 /* PBXContainerItemProxy */ = {
			isa = PBXContainerItemProxy;
			containerPortal = 36347C1D23DF4A5400059A32 /* Project object */;
			proxyType = 1;
			remoteGlobalIDString = 36347C2423DF4A5400059A32;
			remoteInfo = NumbersLight;
		};
/* End PBXContainerItemProxy section */

/* Begin PBXFileReference section */
		0AFD3C53405BE24492177125 /* Pods_NumbersLight.framework */ = {isa = PBXFileReference; explicitFileType = wrapper.framework; includeInIndex = 0; path = Pods_NumbersLight.framework; sourceTree = BUILT_PRODUCTS_DIR; };
		12B501E5AC759B00C653E037 /* NumbersLightListviewcontrollerSpecs.swift */ = {isa = PBXFileReference; includeInIndex = 1; lastKnownFileType = sourcecode.swift; path = NumbersLightListviewcontrollerSpecs.swift; sourceTree = "<group>"; };
		1CBE446D7E4912E2A70409CF /* Pods-NumbersLight-NumbersLightUITests.debug.xcconfig */ = {isa = PBXFileReference; includeInIndex = 1; lastKnownFileType = text.xcconfig; name = "Pods-NumbersLight-NumbersLightUITests.debug.xcconfig"; path = "Target Support Files/Pods-NumbersLight-NumbersLightUITests/Pods-NumbersLight-NumbersLightUITests.debug.xcconfig"; sourceTree = "<group>"; };
		1CE8C2BD0B5F0786A5ED8C26 /* Pods-NumbersLight-NumbersLightUITests.release.xcconfig */ = {isa = PBXFileReference; includeInIndex = 1; lastKnownFileType = text.xcconfig; name = "Pods-NumbersLight-NumbersLightUITests.release.xcconfig"; path = "Target Support Files/Pods-NumbersLight-NumbersLightUITests/Pods-NumbersLight-NumbersLightUITests.release.xcconfig"; sourceTree = "<group>"; };
		343E2388B8501583F718069B /* NumbersLightDetailInitializer.swift */ = {isa = PBXFileReference; includeInIndex = 1; lastKnownFileType = sourcecode.swift; path = NumbersLightDetailInitializer.swift; sourceTree = "<group>"; };
		36347C2523DF4A5400059A32 /* NumbersLight.app */ = {isa = PBXFileReference; explicitFileType = wrapper.application; includeInIndex = 0; path = NumbersLight.app; sourceTree = BUILT_PRODUCTS_DIR; };
		36347C2823DF4A5400059A32 /* AppDelegate.swift */ = {isa = PBXFileReference; lastKnownFileType = sourcecode.swift; path = AppDelegate.swift; sourceTree = "<group>"; };
		36347C3123DF4A5700059A32 /* Assets.xcassets */ = {isa = PBXFileReference; lastKnownFileType = folder.assetcatalog; path = Assets.xcassets; sourceTree = "<group>"; };
		36347C3423DF4A5700059A32 /* Base */ = {isa = PBXFileReference; lastKnownFileType = file.storyboard; name = Base; path = Base.lproj/LaunchScreen.storyboard; sourceTree = "<group>"; };
		36347C3623DF4A5700059A32 /* Info.plist */ = {isa = PBXFileReference; lastKnownFileType = text.plist.xml; path = Info.plist; sourceTree = "<group>"; };
		36347C3B23DF4A5700059A32 /* NumbersLightTests.xctest */ = {isa = PBXFileReference; explicitFileType = wrapper.cfbundle; includeInIndex = 0; path = NumbersLightTests.xctest; sourceTree = BUILT_PRODUCTS_DIR; };
		36347C3F23DF4A5700059A32 /* NumbersLightTests.swift */ = {isa = PBXFileReference; lastKnownFileType = sourcecode.swift; path = NumbersLightTests.swift; sourceTree = "<group>"; };
		36347C4123DF4A5700059A32 /* Info.plist */ = {isa = PBXFileReference; lastKnownFileType = text.plist.xml; path = Info.plist; sourceTree = "<group>"; };
		36347C4623DF4A5700059A32 /* NumbersLightUITests.xctest */ = {isa = PBXFileReference; explicitFileType = wrapper.cfbundle; includeInIndex = 0; path = NumbersLightUITests.xctest; sourceTree = BUILT_PRODUCTS_DIR; };
		36347C4A23DF4A5700059A32 /* NumbersLightUITests.swift */ = {isa = PBXFileReference; lastKnownFileType = sourcecode.swift; path = NumbersLightUITests.swift; sourceTree = "<group>"; };
		36347C4C23DF4A5700059A32 /* Info.plist */ = {isa = PBXFileReference; lastKnownFileType = text.plist.xml; path = Info.plist; sourceTree = "<group>"; };
		366E2ECE23E82C4600CB95C3 /* UIViewController+displayError.swift */ = {isa = PBXFileReference; lastKnownFileType = sourcecode.swift; path = "UIViewController+displayError.swift"; sourceTree = "<group>"; };
		36A436AC23E02C9100782BC4 /* NumbersLightAPIRouter.swift */ = {isa = PBXFileReference; lastKnownFileType = sourcecode.swift; path = NumbersLightAPIRouter.swift; sourceTree = "<group>"; };
		36A436AE23E02F2B00782BC4 /* NumberLightService.swift */ = {isa = PBXFileReference; lastKnownFileType = sourcecode.swift; path = NumberLightService.swift; sourceTree = "<group>"; };
		36A436B323E02F5000782BC4 /* NumbersLightListInteractorSpecs.swift */ = {isa = PBXFileReference; fileEncoding = 4; lastKnownFileType = sourcecode.swift; path = NumbersLightListInteractorSpecs.swift; sourceTree = "<group>"; };
		36A436B623E02F5000782BC4 /* NumbersLightListPresenterSpecs.swift */ = {isa = PBXFileReference; fileEncoding = 4; lastKnownFileType = sourcecode.swift; path = NumbersLightListPresenterSpecs.swift; sourceTree = "<group>"; };
		36A436B823E02F5000782BC4 /* NumbersLightListviewcontrollerSpecs.swift */ = {isa = PBXFileReference; fileEncoding = 4; lastKnownFileType = sourcecode.swift; path = NumbersLightListviewcontrollerSpecs.swift; sourceTree = "<group>"; };
		36A436BA23E02F5000782BC4 /* NumbersLightListRouterSpecs.swift */ = {isa = PBXFileReference; fileEncoding = 4; lastKnownFileType = sourcecode.swift; path = NumbersLightListRouterSpecs.swift; sourceTree = "<group>"; };
		36A436BF23E02F7400782BC4 /* NumberLightServiceSpecs.swift */ = {isa = PBXFileReference; lastKnownFileType = sourcecode.swift; path = NumberLightServiceSpecs.swift; sourceTree = "<group>"; };
		36A436C123E031C700782BC4 /* Mock.generated.swift */ = {isa = PBXFileReference; fileEncoding = 4; lastKnownFileType = sourcecode.swift; path = Mock.generated.swift; sourceTree = "<group>"; };
		36A436C323E08B4100782BC4 /* NumberLight.swift */ = {isa = PBXFileReference; lastKnownFileType = sourcecode.swift; path = NumberLight.swift; sourceTree = "<group>"; };
		36A436C523E1FE8C00782BC4 /* NumbersLightListViewController.storyboard */ = {isa = PBXFileReference; lastKnownFileType = file.storyboard; path = NumbersLightListViewController.storyboard; sourceTree = "<group>"; };
		36A436C723E2160B00782BC4 /* NumberLightTableViewCell.swift */ = {isa = PBXFileReference; lastKnownFileType = sourcecode.swift; path = NumberLightTableViewCell.swift; sourceTree = "<group>"; };
		36A436C823E2160B00782BC4 /* NumberLightTableViewCell.xib */ = {isa = PBXFileReference; lastKnownFileType = file.xib; path = NumberLightTableViewCell.xib; sourceTree = "<group>"; };
		36A436CB23E2192600782BC4 /* UITableViewRegistrable.swift */ = {isa = PBXFileReference; lastKnownFileType = sourcecode.swift; path = UITableViewRegistrable.swift; sourceTree = "<group>"; };
		36A436CD23E31C7700782BC4 /* NetworkManager.swift */ = {isa = PBXFileReference; lastKnownFileType = sourcecode.swift; path = NetworkManager.swift; sourceTree = "<group>"; };
		36B8DB3323E59DDC00714E4D /* NumbersLightDetail.storyboard */ = {isa = PBXFileReference; lastKnownFileType = file.storyboard; path = NumbersLightDetail.storyboard; sourceTree = "<group>"; };
		40483C23A1DD9E069E1E5C6F /* Pods_NumbersLight_NumbersLightUITests.framework */ = {isa = PBXFileReference; explicitFileType = wrapper.framework; includeInIndex = 0; path = Pods_NumbersLight_NumbersLightUITests.framework; sourceTree = BUILT_PRODUCTS_DIR; };
		46F0485ECA042C6D63985B28 /* NumbersLightListViewController.swift */ = {isa = PBXFileReference; includeInIndex = 1; lastKnownFileType = sourcecode.swift; path = NumbersLightListViewController.swift; sourceTree = "<group>"; };
		4F17851D45EB5B54ABFE1616 /* NumbersLightListInteractorSpecs.swift */ = {isa = PBXFileReference; includeInIndex = 1; lastKnownFileType = sourcecode.swift; path = NumbersLightListInteractorSpecs.swift; sourceTree = "<group>"; };
		568B3891C80812FD6B020776 /* NumbersLightDetailInteractorSpecs.swift */ = {isa = PBXFileReference; includeInIndex = 1; lastKnownFileType = sourcecode.swift; path = NumbersLightDetailInteractorSpecs.swift; sourceTree = "<group>"; };
		63F4979D536AEA58912CF782 /* NumbersLightListInteractor.swift */ = {isa = PBXFileReference; includeInIndex = 1; lastKnownFileType = sourcecode.swift; path = NumbersLightListInteractor.swift; sourceTree = "<group>"; };
		6DE327D811DF00199C77464C /* NumbersLightListPresenterSpecs.swift */ = {isa = PBXFileReference; includeInIndex = 1; lastKnownFileType = sourcecode.swift; path = NumbersLightListPresenterSpecs.swift; sourceTree = "<group>"; };
		780484657DF5327D94BCBE6D /* NumbersLightDetailProtocols.swift */ = {isa = PBXFileReference; includeInIndex = 1; lastKnownFileType = sourcecode.swift; path = NumbersLightDetailProtocols.swift; sourceTree = "<group>"; };
		7EB5E44D49DF6330B330E182 /* NumbersLightListPresenter.swift */ = {isa = PBXFileReference; includeInIndex = 1; lastKnownFileType = sourcecode.swift; path = NumbersLightListPresenter.swift; sourceTree = "<group>"; };
		88CEED1647C7A4E84D0FD9C8 /* NumbersLightListProtocols.swift */ = {isa = PBXFileReference; includeInIndex = 1; lastKnownFileType = sourcecode.swift; path = NumbersLightListProtocols.swift; sourceTree = "<group>"; };
		89ACB72254339BDF1AB605EF /* NumbersLightDetailPresenter.swift */ = {isa = PBXFileReference; includeInIndex = 1; lastKnownFileType = sourcecode.swift; path = NumbersLightDetailPresenter.swift; sourceTree = "<group>"; };
		937F7BBA4698665310361354 /* Pods-NumbersLight.release.xcconfig */ = {isa = PBXFileReference; includeInIndex = 1; lastKnownFileType = text.xcconfig; name = "Pods-NumbersLight.release.xcconfig"; path = "Target Support Files/Pods-NumbersLight/Pods-NumbersLight.release.xcconfig"; sourceTree = "<group>"; };
		98372E2953DA4F575BD5FDB4 /* Pods-NumbersLightTests.release.xcconfig */ = {isa = PBXFileReference; includeInIndex = 1; lastKnownFileType = text.xcconfig; name = "Pods-NumbersLightTests.release.xcconfig"; path = "Target Support Files/Pods-NumbersLightTests/Pods-NumbersLightTests.release.xcconfig"; sourceTree = "<group>"; };
		A0B02257357AA473A28C3E55 /* NumbersLightDetailRouter.swift */ = {isa = PBXFileReference; includeInIndex = 1; lastKnownFileType = sourcecode.swift; path = NumbersLightDetailRouter.swift; sourceTree = "<group>"; };
		B04E89FDC1754D9CB52F56D6 /* NumbersLightDetailInteractor.swift */ = {isa = PBXFileReference; includeInIndex = 1; lastKnownFileType = sourcecode.swift; path = NumbersLightDetailInteractor.swift; sourceTree = "<group>"; };
		B84458227D496109929BA52A /* NumbersLightDetailViewController.swift */ = {isa = PBXFileReference; includeInIndex = 1; lastKnownFileType = sourcecode.swift; path = NumbersLightDetailViewController.swift; sourceTree = "<group>"; };
		BE5C10E3E99BC55A637AF874 /* NumbersLightListRouterSpecs.swift */ = {isa = PBXFileReference; includeInIndex = 1; lastKnownFileType = sourcecode.swift; path = NumbersLightListRouterSpecs.swift; sourceTree = "<group>"; };
		C2C0E80A038EAE6FA2D6402A /* Pods-NumbersLight.debug.xcconfig */ = {isa = PBXFileReference; includeInIndex = 1; lastKnownFileType = text.xcconfig; name = "Pods-NumbersLight.debug.xcconfig"; path = "Target Support Files/Pods-NumbersLight/Pods-NumbersLight.debug.xcconfig"; sourceTree = "<group>"; };
		C2C5BEBEC28E105E1453891D /* NumbersLightDetailConfigurator.swift */ = {isa = PBXFileReference; includeInIndex = 1; lastKnownFileType = sourcecode.swift; path = NumbersLightDetailConfigurator.swift; sourceTree = "<group>"; };
		C3174E7FB3E56939DB168375 /* Pods-NumbersLightTests.debug.xcconfig */ = {isa = PBXFileReference; includeInIndex = 1; lastKnownFileType = text.xcconfig; name = "Pods-NumbersLightTests.debug.xcconfig"; path = "Target Support Files/Pods-NumbersLightTests/Pods-NumbersLightTests.debug.xcconfig"; sourceTree = "<group>"; };
		C88F976623E5D8B68F34E4A9 /* Pods_NumbersLightTests.framework */ = {isa = PBXFileReference; explicitFileType = wrapper.framework; includeInIndex = 0; path = Pods_NumbersLightTests.framework; sourceTree = BUILT_PRODUCTS_DIR; };
		CC44E0F8381B68B039B4E1C1 /* NumbersLightDetailPresenterSpecs.swift */ = {isa = PBXFileReference; includeInIndex = 1; lastKnownFileType = sourcecode.swift; path = NumbersLightDetailPresenterSpecs.swift; sourceTree = "<group>"; };
		D8549FE8B4B1A9834E50B3EB /* NumbersLightListConfigurator.swift */ = {isa = PBXFileReference; includeInIndex = 1; lastKnownFileType = sourcecode.swift; path = NumbersLightListConfigurator.swift; sourceTree = "<group>"; };
		D995CCBD4F8838400678BB43 /* NumbersLightDetailRouterSpecs.swift */ = {isa = PBXFileReference; includeInIndex = 1; lastKnownFileType = sourcecode.swift; path = NumbersLightDetailRouterSpecs.swift; sourceTree = "<group>"; };
		DD3EC3B7DDB583CB91E5D8E3 /* NumbersLightDetailviewcontrollerSpecs.swift */ = {isa = PBXFileReference; includeInIndex = 1; lastKnownFileType = sourcecode.swift; path = NumbersLightDetailviewcontrollerSpecs.swift; sourceTree = "<group>"; };
		EFCC5BD9D4E12D35CDC2AFFE /* NumbersLightListRouter.swift */ = {isa = PBXFileReference; includeInIndex = 1; lastKnownFileType = sourcecode.swift; path = NumbersLightListRouter.swift; sourceTree = "<group>"; };
		FF0A91F1BE01E816D4BEC214 /* NumbersLightListInitializer.swift */ = {isa = PBXFileReference; includeInIndex = 1; lastKnownFileType = sourcecode.swift; path = NumbersLightListInitializer.swift; sourceTree = "<group>"; };
/* End PBXFileReference section */

/* Begin PBXFrameworksBuildPhase section */
		36347C2223DF4A5400059A32 /* Frameworks */ = {
			isa = PBXFrameworksBuildPhase;
			buildActionMask = 2147483647;
			files = (
				389B4560643D79510938F995 /* Pods_NumbersLight.framework in Frameworks */,
			);
			runOnlyForDeploymentPostprocessing = 0;
		};
		36347C3823DF4A5700059A32 /* Frameworks */ = {
			isa = PBXFrameworksBuildPhase;
			buildActionMask = 2147483647;
			files = (
				113B9C17B86467314FD15193 /* Pods_NumbersLightTests.framework in Frameworks */,
			);
			runOnlyForDeploymentPostprocessing = 0;
		};
		36347C4323DF4A5700059A32 /* Frameworks */ = {
			isa = PBXFrameworksBuildPhase;
			buildActionMask = 2147483647;
			files = (
				E99C5FEC6ED3978DA10A0AC0 /* Pods_NumbersLight_NumbersLightUITests.framework in Frameworks */,
			);
			runOnlyForDeploymentPostprocessing = 0;
		};
/* End PBXFrameworksBuildPhase section */

/* Begin PBXGroup section */
		01C4A2E02E340E50974A514C /* Application Logic */ = {
			isa = PBXGroup;
			children = (
				B00FD2801B04228C0F1C9315 /* Interactor */,
			);
			path = "Application Logic";
			sourceTree = "<group>";
		};
		08CE9A855754BCD6CC6008CE /* User Interface */ = {
			isa = PBXGroup;
			children = (
				2E889E4597722F84E281979F /* View */,
				C6272F1DEFA7B3691833C05D /* Presenter */,
				7C19EBD03274A5BD34B1AFA0 /* Router */,
			);
			path = "User Interface";
			sourceTree = "<group>";
		};
		0A93B8BE290311A4C6BBB2AE /* Frameworks */ = {
			isa = PBXGroup;
			children = (
				0AFD3C53405BE24492177125 /* Pods_NumbersLight.framework */,
				40483C23A1DD9E069E1E5C6F /* Pods_NumbersLight_NumbersLightUITests.framework */,
				C88F976623E5D8B68F34E4A9 /* Pods_NumbersLightTests.framework */,
			);
			name = Frameworks;
			sourceTree = "<group>";
		};
		132E3382EFEDAD2A1CAAFDDD /* View */ = {
			isa = PBXGroup;
			children = (
				B84458227D496109929BA52A /* NumbersLightDetailViewController.swift */,
				36B8DB3323E59DDC00714E4D /* NumbersLightDetail.storyboard */,
			);
			path = View;
			sourceTree = "<group>";
		};
		187AD6399779D64454F2453C /* Router */ = {
			isa = PBXGroup;
			children = (
				BE5C10E3E99BC55A637AF874 /* NumbersLightListRouterSpecs.swift */,
			);
			path = Router;
			sourceTree = "<group>";
		};
		1C0444DC3D59321CAFDF8B15 /* Protocols */ = {
			isa = PBXGroup;
			children = (
				780484657DF5327D94BCBE6D /* NumbersLightDetailProtocols.swift */,
			);
			path = Protocols;
			sourceTree = "<group>";
		};
		1E8E4DC12BD8F6541363E3FF /* Application Logic */ = {
			isa = PBXGroup;
			children = (
				7A7ECA61A064B23693C6FA24 /* Interactor */,
			);
			path = "Application Logic";
			sourceTree = "<group>";
		};
		209FCF181879CA9EAC6E177D /* NumbersLightDetail */ = {
			isa = PBXGroup;
			children = (
				7CFBBDA5DAA421A078FF1C75 /* User Interface */,
				1E8E4DC12BD8F6541363E3FF /* Application Logic */,
				2C0D1FF88E8D793104CE4A56 /* Configuration */,
				1C0444DC3D59321CAFDF8B15 /* Protocols */,
			);
			path = NumbersLightDetail;
			sourceTree = "<group>";
		};
		2727A09B332EB995B5353101 /* Presenter */ = {
			isa = PBXGroup;
			children = (
				7EB5E44D49DF6330B330E182 /* NumbersLightListPresenter.swift */,
			);
			path = Presenter;
			sourceTree = "<group>";
		};
		2C0D1FF88E8D793104CE4A56 /* Configuration */ = {
			isa = PBXGroup;
			children = (
				C2C5BEBEC28E105E1453891D /* NumbersLightDetailConfigurator.swift */,
				343E2388B8501583F718069B /* NumbersLightDetailInitializer.swift */,
			);
			path = Configuration;
			sourceTree = "<group>";
		};
		2E889E4597722F84E281979F /* View */ = {
			isa = PBXGroup;
			children = (
				DD3EC3B7DDB583CB91E5D8E3 /* NumbersLightDetailviewcontrollerSpecs.swift */,
			);
			path = View;
			sourceTree = "<group>";
		};
		2F2A6924C42D0114F2970015 /* View */ = {
			isa = PBXGroup;
			children = (
				46F0485ECA042C6D63985B28 /* NumbersLightListViewController.swift */,
				36A436C523E1FE8C00782BC4 /* NumbersLightListViewController.storyboard */,
				366E2ECD23E829EA00CB95C3 /* NumberLightTableViewCell */,
			);
			path = View;
			sourceTree = "<group>";
		};
		2F75FEC2D0B21C3BE845AD9B /* NumbersLightTest */ = {
			isa = PBXGroup;
			children = (
				7E35726A5BF986693B3988AE /* NumbersLightList */,
				C3B88E771D4FBD83058F198F /* NumbersLightDetail */,
			);
			path = NumbersLightTest;
			sourceTree = "<group>";
		};
		36347C1C23DF4A5400059A32 = {
			isa = PBXGroup;
			children = (
				36A436CD23E31C7700782BC4 /* NetworkManager.swift */,
				36347C2723DF4A5400059A32 /* NumbersLight */,
				36347C3E23DF4A5700059A32 /* NumbersLightTests */,
				36347C4923DF4A5700059A32 /* NumbersLightUITests */,
				36347C2623DF4A5400059A32 /* Products */,
				526CBE5C59347677E1573DF0 /* Pods */,
				0A93B8BE290311A4C6BBB2AE /* Frameworks */,
				2F75FEC2D0B21C3BE845AD9B /* NumbersLightTest */,
			);
			sourceTree = "<group>";
		};
		36347C2623DF4A5400059A32 /* Products */ = {
			isa = PBXGroup;
			children = (
				36347C2523DF4A5400059A32 /* NumbersLight.app */,
				36347C3B23DF4A5700059A32 /* NumbersLightTests.xctest */,
				36347C4623DF4A5700059A32 /* NumbersLightUITests.xctest */,
			);
			name = Products;
			sourceTree = "<group>";
		};
		36347C2723DF4A5400059A32 /* NumbersLight */ = {
			isa = PBXGroup;
			children = (
				36347C2823DF4A5400059A32 /* AppDelegate.swift */,
				36347C3123DF4A5700059A32 /* Assets.xcassets */,
				36347C3323DF4A5700059A32 /* LaunchScreen.storyboard */,
				36347C3623DF4A5700059A32 /* Info.plist */,
				36A436AC23E02C9100782BC4 /* NumbersLightAPIRouter.swift */,
				36A436C323E08B4100782BC4 /* NumberLight.swift */,
				36A436AE23E02F2B00782BC4 /* NumberLightService.swift */,
				366E2ECE23E82C4600CB95C3 /* UIViewController+displayError.swift */,
				9FA79168F59652B9DEC4F369 /* modules */,
				36A436CB23E2192600782BC4 /* UITableViewRegistrable.swift */,
			);
			path = NumbersLight;
			sourceTree = "<group>";
		};
		36347C3E23DF4A5700059A32 /* NumbersLightTests */ = {
			isa = PBXGroup;
			children = (
				36A436C123E031C700782BC4 /* Mock.generated.swift */,
				36A436B023E02F5000782BC4 /* NumbersLightList */,
				36347C3F23DF4A5700059A32 /* NumbersLightTests.swift */,
				36347C4123DF4A5700059A32 /* Info.plist */,
				36A436BF23E02F7400782BC4 /* NumberLightServiceSpecs.swift */,
			);
			path = NumbersLightTests;
			sourceTree = "<group>";
		};
		36347C4923DF4A5700059A32 /* NumbersLightUITests */ = {
			isa = PBXGroup;
			children = (
				36347C4A23DF4A5700059A32 /* NumbersLightUITests.swift */,
				36347C4C23DF4A5700059A32 /* Info.plist */,
			);
			path = NumbersLightUITests;
			sourceTree = "<group>";
		};
		366E2ECD23E829EA00CB95C3 /* NumberLightTableViewCell */ = {
			isa = PBXGroup;
			children = (
				36A436C723E2160B00782BC4 /* NumberLightTableViewCell.swift */,
				36A436C823E2160B00782BC4 /* NumberLightTableViewCell.xib */,
			);
			path = NumberLightTableViewCell;
			sourceTree = "<group>";
		};
		36A436B023E02F5000782BC4 /* NumbersLightList */ = {
			isa = PBXGroup;
			children = (
				36A436B123E02F5000782BC4 /* Application Logic */,
				36A436B423E02F5000782BC4 /* User Interface */,
			);
			path = NumbersLightList;
			sourceTree = "<group>";
		};
		36A436B123E02F5000782BC4 /* Application Logic */ = {
			isa = PBXGroup;
			children = (
				36A436B223E02F5000782BC4 /* Interactor */,
			);
			path = "Application Logic";
			sourceTree = "<group>";
		};
		36A436B223E02F5000782BC4 /* Interactor */ = {
			isa = PBXGroup;
			children = (
				36A436B323E02F5000782BC4 /* NumbersLightListInteractorSpecs.swift */,
			);
			path = Interactor;
			sourceTree = "<group>";
		};
		36A436B423E02F5000782BC4 /* User Interface */ = {
			isa = PBXGroup;
			children = (
				36A436B523E02F5000782BC4 /* Presenter */,
				36A436B723E02F5000782BC4 /* View */,
				36A436B923E02F5000782BC4 /* Router */,
			);
			path = "User Interface";
			sourceTree = "<group>";
		};
		36A436B523E02F5000782BC4 /* Presenter */ = {
			isa = PBXGroup;
			children = (
				36A436B623E02F5000782BC4 /* NumbersLightListPresenterSpecs.swift */,
			);
			path = Presenter;
			sourceTree = "<group>";
		};
		36A436B723E02F5000782BC4 /* View */ = {
			isa = PBXGroup;
			children = (
				36A436B823E02F5000782BC4 /* NumbersLightListviewcontrollerSpecs.swift */,
			);
			path = View;
			sourceTree = "<group>";
		};
		36A436B923E02F5000782BC4 /* Router */ = {
			isa = PBXGroup;
			children = (
				36A436BA23E02F5000782BC4 /* NumbersLightListRouterSpecs.swift */,
			);
			path = Router;
			sourceTree = "<group>";
		};
		526CBE5C59347677E1573DF0 /* Pods */ = {
			isa = PBXGroup;
			children = (
				C2C0E80A038EAE6FA2D6402A /* Pods-NumbersLight.debug.xcconfig */,
				937F7BBA4698665310361354 /* Pods-NumbersLight.release.xcconfig */,
				1CBE446D7E4912E2A70409CF /* Pods-NumbersLight-NumbersLightUITests.debug.xcconfig */,
				1CE8C2BD0B5F0786A5ED8C26 /* Pods-NumbersLight-NumbersLightUITests.release.xcconfig */,
				C3174E7FB3E56939DB168375 /* Pods-NumbersLightTests.debug.xcconfig */,
				98372E2953DA4F575BD5FDB4 /* Pods-NumbersLightTests.release.xcconfig */,
			);
			path = Pods;
			sourceTree = "<group>";
		};
		571A36213274FF743262B14A /* User Interface */ = {
			isa = PBXGroup;
			children = (
				7DB24B292A0805D94B49E935 /* View */,
				B45909A1AF8DD439857E5F13 /* Presenter */,
				187AD6399779D64454F2453C /* Router */,
			);
			path = "User Interface";
			sourceTree = "<group>";
		};
		62643D9BB3F1F1DEF404D634 /* Router */ = {
			isa = PBXGroup;
			children = (
				A0B02257357AA473A28C3E55 /* NumbersLightDetailRouter.swift */,
			);
			path = Router;
			sourceTree = "<group>";
		};
		7A7ECA61A064B23693C6FA24 /* Interactor */ = {
			isa = PBXGroup;
			children = (
				B04E89FDC1754D9CB52F56D6 /* NumbersLightDetailInteractor.swift */,
			);
			path = Interactor;
			sourceTree = "<group>";
		};
		7C19EBD03274A5BD34B1AFA0 /* Router */ = {
			isa = PBXGroup;
			children = (
				D995CCBD4F8838400678BB43 /* NumbersLightDetailRouterSpecs.swift */,
			);
			path = Router;
			sourceTree = "<group>";
		};
		7CFBBDA5DAA421A078FF1C75 /* User Interface */ = {
			isa = PBXGroup;
			children = (
				132E3382EFEDAD2A1CAAFDDD /* View */,
				FFFB17C4E1206DB23F005C6D /* Presenter */,
				62643D9BB3F1F1DEF404D634 /* Router */,
			);
			path = "User Interface";
			sourceTree = "<group>";
		};
		7DB24B292A0805D94B49E935 /* View */ = {
			isa = PBXGroup;
			children = (
				12B501E5AC759B00C653E037 /* NumbersLightListviewcontrollerSpecs.swift */,
			);
			path = View;
			sourceTree = "<group>";
		};
		7E35726A5BF986693B3988AE /* NumbersLightList */ = {
			isa = PBXGroup;
			children = (
				571A36213274FF743262B14A /* User Interface */,
				ABAAAE891510544F5A985EC5 /* Application Logic */,
			);
			name = NumbersLightList;
			path = NumbersLightTests/NumbersLightList;
			sourceTree = SOURCE_ROOT;
		};
		8C707D11F29913F97E6F44D1 /* User Interface */ = {
			isa = PBXGroup;
			children = (
				2F2A6924C42D0114F2970015 /* View */,
				2727A09B332EB995B5353101 /* Presenter */,
				D30D6330DAFE1A57E96F55DE /* Router */,
			);
			path = "User Interface";
			sourceTree = "<group>";
		};
		8F70BDB6E356097008F6363C /* Interactor */ = {
			isa = PBXGroup;
			children = (
				4F17851D45EB5B54ABFE1616 /* NumbersLightListInteractorSpecs.swift */,
			);
			path = Interactor;
			sourceTree = "<group>";
		};
		9FA79168F59652B9DEC4F369 /* modules */ = {
			isa = PBXGroup;
			children = (
				A8996F3C9D3E9AD088D71FAF /* NumbersLightList */,
				209FCF181879CA9EAC6E177D /* NumbersLightDetail */,
			);
			path = modules;
			sourceTree = "<group>";
		};
		A8996F3C9D3E9AD088D71FAF /* NumbersLightList */ = {
			isa = PBXGroup;
			children = (
				8C707D11F29913F97E6F44D1 /* User Interface */,
				01C4A2E02E340E50974A514C /* Application Logic */,
				C1EAC0B3473DD73642CFDF11 /* Configuration */,
				CE3AAB17DA411904151B231C /* Protocols */,
			);
			path = NumbersLightList;
			sourceTree = "<group>";
		};
		ABAAAE891510544F5A985EC5 /* Application Logic */ = {
			isa = PBXGroup;
			children = (
				8F70BDB6E356097008F6363C /* Interactor */,
			);
			path = "Application Logic";
			sourceTree = "<group>";
		};
		B00FD2801B04228C0F1C9315 /* Interactor */ = {
			isa = PBXGroup;
			children = (
				63F4979D536AEA58912CF782 /* NumbersLightListInteractor.swift */,
			);
			path = Interactor;
			sourceTree = "<group>";
		};
		B45909A1AF8DD439857E5F13 /* Presenter */ = {
			isa = PBXGroup;
			children = (
				6DE327D811DF00199C77464C /* NumbersLightListPresenterSpecs.swift */,
			);
			path = Presenter;
			sourceTree = "<group>";
		};
		C1EAC0B3473DD73642CFDF11 /* Configuration */ = {
			isa = PBXGroup;
			children = (
				D8549FE8B4B1A9834E50B3EB /* NumbersLightListConfigurator.swift */,
				FF0A91F1BE01E816D4BEC214 /* NumbersLightListInitializer.swift */,
			);
			path = Configuration;
			sourceTree = "<group>";
		};
		C3B88E771D4FBD83058F198F /* NumbersLightDetail */ = {
			isa = PBXGroup;
			children = (
				08CE9A855754BCD6CC6008CE /* User Interface */,
				EA6B68672AF2AF2EF83C8EE8 /* Application Logic */,
			);
			name = NumbersLightDetail;
			path = NumbersLightTests/NumbersLightDetail;
			sourceTree = SOURCE_ROOT;
		};
		C6272F1DEFA7B3691833C05D /* Presenter */ = {
			isa = PBXGroup;
			children = (
				CC44E0F8381B68B039B4E1C1 /* NumbersLightDetailPresenterSpecs.swift */,
			);
			path = Presenter;
			sourceTree = "<group>";
		};
		C7D1C99CFA14337CDF5E6F07 /* Interactor */ = {
			isa = PBXGroup;
			children = (
				568B3891C80812FD6B020776 /* NumbersLightDetailInteractorSpecs.swift */,
			);
			path = Interactor;
			sourceTree = "<group>";
		};
		CE3AAB17DA411904151B231C /* Protocols */ = {
			isa = PBXGroup;
			children = (
				88CEED1647C7A4E84D0FD9C8 /* NumbersLightListProtocols.swift */,
			);
			path = Protocols;
			sourceTree = "<group>";
		};
		D30D6330DAFE1A57E96F55DE /* Router */ = {
			isa = PBXGroup;
			children = (
				EFCC5BD9D4E12D35CDC2AFFE /* NumbersLightListRouter.swift */,
			);
			path = Router;
			sourceTree = "<group>";
		};
		EA6B68672AF2AF2EF83C8EE8 /* Application Logic */ = {
			isa = PBXGroup;
			children = (
				C7D1C99CFA14337CDF5E6F07 /* Interactor */,
			);
			path = "Application Logic";
			sourceTree = "<group>";
		};
		FFFB17C4E1206DB23F005C6D /* Presenter */ = {
			isa = PBXGroup;
			children = (
				89ACB72254339BDF1AB605EF /* NumbersLightDetailPresenter.swift */,
			);
			path = Presenter;
			sourceTree = "<group>";
		};
/* End PBXGroup section */

/* Begin PBXNativeTarget section */
		36347C2423DF4A5400059A32 /* NumbersLight */ = {
			isa = PBXNativeTarget;
			buildConfigurationList = 36347C4F23DF4A5700059A32 /* Build configuration list for PBXNativeTarget "NumbersLight" */;
			buildPhases = (
				0F5620A6C041404BE28D9CC7 /* [CP] Check Pods Manifest.lock */,
				36347C2123DF4A5400059A32 /* Sources */,
				36347C2223DF4A5400059A32 /* Frameworks */,
				36347C2323DF4A5400059A32 /* Resources */,
				89179F1F6975FA68BC27C66F /* [CP] Embed Pods Frameworks */,
			);
			buildRules = (
			);
			dependencies = (
			);
			name = NumbersLight;
			productName = NumbersLight;
			productReference = 36347C2523DF4A5400059A32 /* NumbersLight.app */;
			productType = "com.apple.product-type.application";
		};
		36347C3A23DF4A5700059A32 /* NumbersLightTests */ = {
			isa = PBXNativeTarget;
			buildConfigurationList = 36347C5223DF4A5700059A32 /* Build configuration list for PBXNativeTarget "NumbersLightTests" */;
			buildPhases = (
				19A8A849A770E6881B629FB2 /* [CP] Check Pods Manifest.lock */,
				36347C3723DF4A5700059A32 /* Sources */,
				36347C3823DF4A5700059A32 /* Frameworks */,
				36347C3923DF4A5700059A32 /* Resources */,
				FA0D4CF31785CF1A2FA1D713 /* [CP] Embed Pods Frameworks */,
			);
			buildRules = (
			);
			dependencies = (
				36347C3D23DF4A5700059A32 /* PBXTargetDependency */,
			);
			name = NumbersLightTests;
			productName = NumbersLightTests;
			productReference = 36347C3B23DF4A5700059A32 /* NumbersLightTests.xctest */;
			productType = "com.apple.product-type.bundle.unit-test";
		};
		36347C4523DF4A5700059A32 /* NumbersLightUITests */ = {
			isa = PBXNativeTarget;
			buildConfigurationList = 36347C5523DF4A5700059A32 /* Build configuration list for PBXNativeTarget "NumbersLightUITests" */;
			buildPhases = (
				F43E9958BA497F3C4957F9E6 /* [CP] Check Pods Manifest.lock */,
				36347C4223DF4A5700059A32 /* Sources */,
				36347C4323DF4A5700059A32 /* Frameworks */,
				36347C4423DF4A5700059A32 /* Resources */,
				56F5A42446FDE6ED015F783D /* [CP] Embed Pods Frameworks */,
			);
			buildRules = (
			);
			dependencies = (
				36347C4823DF4A5700059A32 /* PBXTargetDependency */,
			);
			name = NumbersLightUITests;
			productName = NumbersLightUITests;
			productReference = 36347C4623DF4A5700059A32 /* NumbersLightUITests.xctest */;
			productType = "com.apple.product-type.bundle.ui-testing";
		};
/* End PBXNativeTarget section */

/* Begin PBXProject section */
		36347C1D23DF4A5400059A32 /* Project object */ = {
			isa = PBXProject;
			attributes = {
				LastSwiftUpdateCheck = 1120;
				LastUpgradeCheck = 1120;
				ORGANIZATIONNAME = "Guillaume Sabatie";
				TargetAttributes = {
					36347C2423DF4A5400059A32 = {
						CreatedOnToolsVersion = 11.2.1;
					};
					36347C3A23DF4A5700059A32 = {
						CreatedOnToolsVersion = 11.2.1;
						TestTargetID = 36347C2423DF4A5400059A32;
					};
					36347C4523DF4A5700059A32 = {
						CreatedOnToolsVersion = 11.2.1;
						TestTargetID = 36347C2423DF4A5400059A32;
					};
				};
			};
			buildConfigurationList = 36347C2023DF4A5400059A32 /* Build configuration list for PBXProject "NumbersLight" */;
			compatibilityVersion = "Xcode 9.3";
			developmentRegion = en;
			hasScannedForEncodings = 0;
			knownRegions = (
				en,
				Base,
			);
			mainGroup = 36347C1C23DF4A5400059A32;
			productRefGroup = 36347C2623DF4A5400059A32 /* Products */;
			projectDirPath = "";
			projectRoot = "";
			targets = (
				36347C2423DF4A5400059A32 /* NumbersLight */,
				36347C3A23DF4A5700059A32 /* NumbersLightTests */,
				36347C4523DF4A5700059A32 /* NumbersLightUITests */,
			);
		};
/* End PBXProject section */

/* Begin PBXResourcesBuildPhase section */
		36347C2323DF4A5400059A32 /* Resources */ = {
			isa = PBXResourcesBuildPhase;
			buildActionMask = 2147483647;
			files = (
				36347C3523DF4A5700059A32 /* LaunchScreen.storyboard in Resources */,
				36A436CA23E2160B00782BC4 /* NumberLightTableViewCell.xib in Resources */,
				36347C3223DF4A5700059A32 /* Assets.xcassets in Resources */,
				36A436C623E1FE8C00782BC4 /* NumbersLightListViewController.storyboard in Resources */,
				36B8DB3423E59DDC00714E4D /* NumbersLightDetail.storyboard in Resources */,
			);
			runOnlyForDeploymentPostprocessing = 0;
		};
		36347C3923DF4A5700059A32 /* Resources */ = {
			isa = PBXResourcesBuildPhase;
			buildActionMask = 2147483647;
			files = (
			);
			runOnlyForDeploymentPostprocessing = 0;
		};
		36347C4423DF4A5700059A32 /* Resources */ = {
			isa = PBXResourcesBuildPhase;
			buildActionMask = 2147483647;
			files = (
			);
			runOnlyForDeploymentPostprocessing = 0;
		};
/* End PBXResourcesBuildPhase section */

/* Begin PBXShellScriptBuildPhase section */
		0F5620A6C041404BE28D9CC7 /* [CP] Check Pods Manifest.lock */ = {
			isa = PBXShellScriptBuildPhase;
			buildActionMask = 2147483647;
			files = (
			);
			inputFileListPaths = (
			);
			inputPaths = (
				"${PODS_PODFILE_DIR_PATH}/Podfile.lock",
				"${PODS_ROOT}/Manifest.lock",
			);
			name = "[CP] Check Pods Manifest.lock";
			outputFileListPaths = (
			);
			outputPaths = (
				"$(DERIVED_FILE_DIR)/Pods-NumbersLight-checkManifestLockResult.txt",
			);
			runOnlyForDeploymentPostprocessing = 0;
			shellPath = /bin/sh;
			shellScript = "diff \"${PODS_PODFILE_DIR_PATH}/Podfile.lock\" \"${PODS_ROOT}/Manifest.lock\" > /dev/null\nif [ $? != 0 ] ; then\n    # print error to STDERR\n    echo \"error: The sandbox is not in sync with the Podfile.lock. Run 'pod install' or update your CocoaPods installation.\" >&2\n    exit 1\nfi\n# This output is used by Xcode 'outputs' to avoid re-running this script phase.\necho \"SUCCESS\" > \"${SCRIPT_OUTPUT_FILE_0}\"\n";
			showEnvVarsInLog = 0;
		};
		19A8A849A770E6881B629FB2 /* [CP] Check Pods Manifest.lock */ = {
			isa = PBXShellScriptBuildPhase;
			buildActionMask = 2147483647;
			files = (
			);
			inputFileListPaths = (
			);
			inputPaths = (
				"${PODS_PODFILE_DIR_PATH}/Podfile.lock",
				"${PODS_ROOT}/Manifest.lock",
			);
			name = "[CP] Check Pods Manifest.lock";
			outputFileListPaths = (
			);
			outputPaths = (
				"$(DERIVED_FILE_DIR)/Pods-NumbersLightTests-checkManifestLockResult.txt",
			);
			runOnlyForDeploymentPostprocessing = 0;
			shellPath = /bin/sh;
			shellScript = "diff \"${PODS_PODFILE_DIR_PATH}/Podfile.lock\" \"${PODS_ROOT}/Manifest.lock\" > /dev/null\nif [ $? != 0 ] ; then\n    # print error to STDERR\n    echo \"error: The sandbox is not in sync with the Podfile.lock. Run 'pod install' or update your CocoaPods installation.\" >&2\n    exit 1\nfi\n# This output is used by Xcode 'outputs' to avoid re-running this script phase.\necho \"SUCCESS\" > \"${SCRIPT_OUTPUT_FILE_0}\"\n";
			showEnvVarsInLog = 0;
		};
		56F5A42446FDE6ED015F783D /* [CP] Embed Pods Frameworks */ = {
			isa = PBXShellScriptBuildPhase;
			buildActionMask = 2147483647;
			files = (
			);
			inputFileListPaths = (
				"${PODS_ROOT}/Target Support Files/Pods-NumbersLight-NumbersLightUITests/Pods-NumbersLight-NumbersLightUITests-frameworks-${CONFIGURATION}-input-files.xcfilelist",
			);
			name = "[CP] Embed Pods Frameworks";
			outputFileListPaths = (
				"${PODS_ROOT}/Target Support Files/Pods-NumbersLight-NumbersLightUITests/Pods-NumbersLight-NumbersLightUITests-frameworks-${CONFIGURATION}-output-files.xcfilelist",
			);
			runOnlyForDeploymentPostprocessing = 0;
			shellPath = /bin/sh;
			shellScript = "\"${PODS_ROOT}/Target Support Files/Pods-NumbersLight-NumbersLightUITests/Pods-NumbersLight-NumbersLightUITests-frameworks.sh\"\n";
			showEnvVarsInLog = 0;
		};
		89179F1F6975FA68BC27C66F /* [CP] Embed Pods Frameworks */ = {
			isa = PBXShellScriptBuildPhase;
			buildActionMask = 2147483647;
			files = (
			);
			inputFileListPaths = (
				"${PODS_ROOT}/Target Support Files/Pods-NumbersLight/Pods-NumbersLight-frameworks-${CONFIGURATION}-input-files.xcfilelist",
			);
			name = "[CP] Embed Pods Frameworks";
			outputFileListPaths = (
				"${PODS_ROOT}/Target Support Files/Pods-NumbersLight/Pods-NumbersLight-frameworks-${CONFIGURATION}-output-files.xcfilelist",
			);
			runOnlyForDeploymentPostprocessing = 0;
			shellPath = /bin/sh;
			shellScript = "\"${PODS_ROOT}/Target Support Files/Pods-NumbersLight/Pods-NumbersLight-frameworks.sh\"\n";
			showEnvVarsInLog = 0;
		};
		F43E9958BA497F3C4957F9E6 /* [CP] Check Pods Manifest.lock */ = {
			isa = PBXShellScriptBuildPhase;
			buildActionMask = 2147483647;
			files = (
			);
			inputFileListPaths = (
			);
			inputPaths = (
				"${PODS_PODFILE_DIR_PATH}/Podfile.lock",
				"${PODS_ROOT}/Manifest.lock",
			);
			name = "[CP] Check Pods Manifest.lock";
			outputFileListPaths = (
			);
			outputPaths = (
				"$(DERIVED_FILE_DIR)/Pods-NumbersLight-NumbersLightUITests-checkManifestLockResult.txt",
			);
			runOnlyForDeploymentPostprocessing = 0;
			shellPath = /bin/sh;
			shellScript = "diff \"${PODS_PODFILE_DIR_PATH}/Podfile.lock\" \"${PODS_ROOT}/Manifest.lock\" > /dev/null\nif [ $? != 0 ] ; then\n    # print error to STDERR\n    echo \"error: The sandbox is not in sync with the Podfile.lock. Run 'pod install' or update your CocoaPods installation.\" >&2\n    exit 1\nfi\n# This output is used by Xcode 'outputs' to avoid re-running this script phase.\necho \"SUCCESS\" > \"${SCRIPT_OUTPUT_FILE_0}\"\n";
			showEnvVarsInLog = 0;
		};
		FA0D4CF31785CF1A2FA1D713 /* [CP] Embed Pods Frameworks */ = {
			isa = PBXShellScriptBuildPhase;
			buildActionMask = 2147483647;
			files = (
			);
			inputFileListPaths = (
				"${PODS_ROOT}/Target Support Files/Pods-NumbersLightTests/Pods-NumbersLightTests-frameworks-${CONFIGURATION}-input-files.xcfilelist",
			);
			name = "[CP] Embed Pods Frameworks";
			outputFileListPaths = (
				"${PODS_ROOT}/Target Support Files/Pods-NumbersLightTests/Pods-NumbersLightTests-frameworks-${CONFIGURATION}-output-files.xcfilelist",
			);
			runOnlyForDeploymentPostprocessing = 0;
			shellPath = /bin/sh;
			shellScript = "\"${PODS_ROOT}/Target Support Files/Pods-NumbersLightTests/Pods-NumbersLightTests-frameworks.sh\"\n";
			showEnvVarsInLog = 0;
		};
/* End PBXShellScriptBuildPhase section */

/* Begin PBXSourcesBuildPhase section */
		36347C2123DF4A5400059A32 /* Sources */ = {
			isa = PBXSourcesBuildPhase;
			buildActionMask = 2147483647;
			files = (
				36A436AF23E02F2B00782BC4 /* NumberLightService.swift in Sources */,
				36A436AD23E02C9100782BC4 /* NumbersLightAPIRouter.swift in Sources */,
				36347C2923DF4A5400059A32 /* AppDelegate.swift in Sources */,
				97B4C29B67EA8E6CD3C89E47 /* NumbersLightListViewController.swift in Sources */,
				29606D8BA6BB74D3E7096A22 /* NumbersLightListPresenter.swift in Sources */,
				E7889209EDD6C916EAE7F8BA /* NumbersLightListInteractor.swift in Sources */,
				B36A96B0787FD01DE9BA5B8F /* NumbersLightListRouter.swift in Sources */,
				36A436C923E2160B00782BC4 /* NumberLightTableViewCell.swift in Sources */,
				366E2ECF23E82C4600CB95C3 /* UIViewController+displayError.swift in Sources */,
				927D870F4C31BA19E9F5FB14 /* NumbersLightListConfigurator.swift in Sources */,
				36A436C423E08B4100782BC4 /* NumberLight.swift in Sources */,
				BAAD316F6092DD727B9D1267 /* NumbersLightListInitializer.swift in Sources */,
				36A436CE23E31C7700782BC4 /* NetworkManager.swift in Sources */,
				36A436CC23E2192600782BC4 /* UITableViewRegistrable.swift in Sources */,
				CA66C56896DDB68C4362B05C /* NumbersLightListProtocols.swift in Sources */,
				2EEDA008D06E1412A6AB3F5F /* NumbersLightDetailViewController.swift in Sources */,
				CA0ED75E4EC43128EF2262BF /* NumbersLightDetailPresenter.swift in Sources */,
				AA94CDE1464F321E9C62C3DC /* NumbersLightDetailInteractor.swift in Sources */,
				7DDA3B84A45E79004C182440 /* NumbersLightDetailRouter.swift in Sources */,
				5559BFFD90BB5FE1F92784F8 /* NumbersLightDetailConfigurator.swift in Sources */,
				991EEB647A5986E808F39B60 /* NumbersLightDetailInitializer.swift in Sources */,
				4F52D608BC09DD6C952A58D5 /* NumbersLightDetailProtocols.swift in Sources */,
			);
			runOnlyForDeploymentPostprocessing = 0;
		};
		36347C3723DF4A5700059A32 /* Sources */ = {
			isa = PBXSourcesBuildPhase;
			buildActionMask = 2147483647;
			files = (
				36A436C023E02F7400782BC4 /* NumberLightServiceSpecs.swift in Sources */,
				36347C4023DF4A5700059A32 /* NumbersLightTests.swift in Sources */,
				36A436BD23E02F5000782BC4 /* NumbersLightListviewcontrollerSpecs.swift in Sources */,
				36A436C223E031C700782BC4 /* Mock.generated.swift in Sources */,
				36A436BE23E02F5000782BC4 /* NumbersLightListRouterSpecs.swift in Sources */,
				36A436BB23E02F5000782BC4 /* NumbersLightListInteractorSpecs.swift in Sources */,
				890AD00CC9A36D3BEC8DC674 /* NumbersLightListviewcontrollerSpecs.swift in Sources */,
				69D4D7E120700AF6B47A5B79 /* NumbersLightListPresenterSpecs.swift in Sources */,
				BFF3412924859C64EFE9613F /* NumbersLightDetailviewcontrollerSpecs.swift in Sources */,
				D0D3A01020BFEE53111CBAD2 /* NumbersLightDetailPresenterSpecs.swift in Sources */,
				A6AB58B7D5597A1F6C1FD13F /* NumbersLightDetailInteractorSpecs.swift in Sources */,
				F510C5116A7ED88B6376D186 /* NumbersLightDetailRouterSpecs.swift in Sources */,
			);
			runOnlyForDeploymentPostprocessing = 0;
		};
		36347C4223DF4A5700059A32 /* Sources */ = {
			isa = PBXSourcesBuildPhase;
			buildActionMask = 2147483647;
			files = (
				36347C4B23DF4A5700059A32 /* NumbersLightUITests.swift in Sources */,
			);
			runOnlyForDeploymentPostprocessing = 0;
		};
/* End PBXSourcesBuildPhase section */

/* Begin PBXTargetDependency section */
		36347C3D23DF4A5700059A32 /* PBXTargetDependency */ = {
			isa = PBXTargetDependency;
			target = 36347C2423DF4A5400059A32 /* NumbersLight */;
			targetProxy = 36347C3C23DF4A5700059A32 /* PBXContainerItemProxy */;
		};
		36347C4823DF4A5700059A32 /* PBXTargetDependency */ = {
			isa = PBXTargetDependency;
			target = 36347C2423DF4A5400059A32 /* NumbersLight */;
			targetProxy = 36347C4723DF4A5700059A32 /* PBXContainerItemProxy */;
		};
/* End PBXTargetDependency section */

/* Begin PBXVariantGroup section */
		36347C3323DF4A5700059A32 /* LaunchScreen.storyboard */ = {
			isa = PBXVariantGroup;
			children = (
				36347C3423DF4A5700059A32 /* Base */,
			);
			name = LaunchScreen.storyboard;
			sourceTree = "<group>";
		};
/* End PBXVariantGroup section */

/* Begin XCBuildConfiguration section */
		36347C4D23DF4A5700059A32 /* Debug */ = {
			isa = XCBuildConfiguration;
			buildSettings = {
				ALWAYS_SEARCH_USER_PATHS = NO;
				CLANG_ANALYZER_NONNULL = YES;
				CLANG_ANALYZER_NUMBER_OBJECT_CONVERSION = YES_AGGRESSIVE;
				CLANG_CXX_LANGUAGE_STANDARD = "gnu++14";
				CLANG_CXX_LIBRARY = "libc++";
				CLANG_ENABLE_MODULES = YES;
				CLANG_ENABLE_OBJC_ARC = YES;
				CLANG_ENABLE_OBJC_WEAK = YES;
				CLANG_WARN_BLOCK_CAPTURE_AUTORELEASING = YES;
				CLANG_WARN_BOOL_CONVERSION = YES;
				CLANG_WARN_COMMA = YES;
				CLANG_WARN_CONSTANT_CONVERSION = YES;
				CLANG_WARN_DEPRECATED_OBJC_IMPLEMENTATIONS = YES;
				CLANG_WARN_DIRECT_OBJC_ISA_USAGE = YES_ERROR;
				CLANG_WARN_DOCUMENTATION_COMMENTS = YES;
				CLANG_WARN_EMPTY_BODY = YES;
				CLANG_WARN_ENUM_CONVERSION = YES;
				CLANG_WARN_INFINITE_RECURSION = YES;
				CLANG_WARN_INT_CONVERSION = YES;
				CLANG_WARN_NON_LITERAL_NULL_CONVERSION = YES;
				CLANG_WARN_OBJC_IMPLICIT_RETAIN_SELF = YES;
				CLANG_WARN_OBJC_LITERAL_CONVERSION = YES;
				CLANG_WARN_OBJC_ROOT_CLASS = YES_ERROR;
				CLANG_WARN_RANGE_LOOP_ANALYSIS = YES;
				CLANG_WARN_STRICT_PROTOTYPES = YES;
				CLANG_WARN_SUSPICIOUS_MOVE = YES;
				CLANG_WARN_UNGUARDED_AVAILABILITY = YES_AGGRESSIVE;
				CLANG_WARN_UNREACHABLE_CODE = YES;
				CLANG_WARN__DUPLICATE_METHOD_MATCH = YES;
				COPY_PHASE_STRIP = NO;
				DEBUG_INFORMATION_FORMAT = dwarf;
				ENABLE_STRICT_OBJC_MSGSEND = YES;
				ENABLE_TESTABILITY = YES;
				GCC_C_LANGUAGE_STANDARD = gnu11;
				GCC_DYNAMIC_NO_PIC = NO;
				GCC_NO_COMMON_BLOCKS = YES;
				GCC_OPTIMIZATION_LEVEL = 0;
				GCC_PREPROCESSOR_DEFINITIONS = (
					"DEBUG=1",
					"$(inherited)",
				);
				GCC_WARN_64_TO_32_BIT_CONVERSION = YES;
				GCC_WARN_ABOUT_RETURN_TYPE = YES_ERROR;
				GCC_WARN_UNDECLARED_SELECTOR = YES;
				GCC_WARN_UNINITIALIZED_AUTOS = YES_AGGRESSIVE;
				GCC_WARN_UNUSED_FUNCTION = YES;
				GCC_WARN_UNUSED_VARIABLE = YES;
				IPHONEOS_DEPLOYMENT_TARGET = 13.2;
				MTL_ENABLE_DEBUG_INFO = INCLUDE_SOURCE;
				MTL_FAST_MATH = YES;
				ONLY_ACTIVE_ARCH = YES;
				SDKROOT = iphoneos;
				SWIFT_ACTIVE_COMPILATION_CONDITIONS = DEBUG;
				SWIFT_OPTIMIZATION_LEVEL = "-Onone";
			};
			name = Debug;
		};
		36347C4E23DF4A5700059A32 /* Release */ = {
			isa = XCBuildConfiguration;
			buildSettings = {
				ALWAYS_SEARCH_USER_PATHS = NO;
				CLANG_ANALYZER_NONNULL = YES;
				CLANG_ANALYZER_NUMBER_OBJECT_CONVERSION = YES_AGGRESSIVE;
				CLANG_CXX_LANGUAGE_STANDARD = "gnu++14";
				CLANG_CXX_LIBRARY = "libc++";
				CLANG_ENABLE_MODULES = YES;
				CLANG_ENABLE_OBJC_ARC = YES;
				CLANG_ENABLE_OBJC_WEAK = YES;
				CLANG_WARN_BLOCK_CAPTURE_AUTORELEASING = YES;
				CLANG_WARN_BOOL_CONVERSION = YES;
				CLANG_WARN_COMMA = YES;
				CLANG_WARN_CONSTANT_CONVERSION = YES;
				CLANG_WARN_DEPRECATED_OBJC_IMPLEMENTATIONS = YES;
				CLANG_WARN_DIRECT_OBJC_ISA_USAGE = YES_ERROR;
				CLANG_WARN_DOCUMENTATION_COMMENTS = YES;
				CLANG_WARN_EMPTY_BODY = YES;
				CLANG_WARN_ENUM_CONVERSION = YES;
				CLANG_WARN_INFINITE_RECURSION = YES;
				CLANG_WARN_INT_CONVERSION = YES;
				CLANG_WARN_NON_LITERAL_NULL_CONVERSION = YES;
				CLANG_WARN_OBJC_IMPLICIT_RETAIN_SELF = YES;
				CLANG_WARN_OBJC_LITERAL_CONVERSION = YES;
				CLANG_WARN_OBJC_ROOT_CLASS = YES_ERROR;
				CLANG_WARN_RANGE_LOOP_ANALYSIS = YES;
				CLANG_WARN_STRICT_PROTOTYPES = YES;
				CLANG_WARN_SUSPICIOUS_MOVE = YES;
				CLANG_WARN_UNGUARDED_AVAILABILITY = YES_AGGRESSIVE;
				CLANG_WARN_UNREACHABLE_CODE = YES;
				CLANG_WARN__DUPLICATE_METHOD_MATCH = YES;
				COPY_PHASE_STRIP = NO;
				DEBUG_INFORMATION_FORMAT = "dwarf-with-dsym";
				ENABLE_NS_ASSERTIONS = NO;
				ENABLE_STRICT_OBJC_MSGSEND = YES;
				GCC_C_LANGUAGE_STANDARD = gnu11;
				GCC_NO_COMMON_BLOCKS = YES;
				GCC_WARN_64_TO_32_BIT_CONVERSION = YES;
				GCC_WARN_ABOUT_RETURN_TYPE = YES_ERROR;
				GCC_WARN_UNDECLARED_SELECTOR = YES;
				GCC_WARN_UNINITIALIZED_AUTOS = YES_AGGRESSIVE;
				GCC_WARN_UNUSED_FUNCTION = YES;
				GCC_WARN_UNUSED_VARIABLE = YES;
				IPHONEOS_DEPLOYMENT_TARGET = 13.2;
				MTL_ENABLE_DEBUG_INFO = NO;
				MTL_FAST_MATH = YES;
				SDKROOT = iphoneos;
				SWIFT_COMPILATION_MODE = wholemodule;
				SWIFT_OPTIMIZATION_LEVEL = "-O";
				VALIDATE_PRODUCT = YES;
			};
			name = Release;
		};
		36347C5023DF4A5700059A32 /* Debug */ = {
			isa = XCBuildConfiguration;
			baseConfigurationReference = C2C0E80A038EAE6FA2D6402A /* Pods-NumbersLight.debug.xcconfig */;
			buildSettings = {
				ASSETCATALOG_COMPILER_APPICON_NAME = AppIcon;
				CODE_SIGN_STYLE = Automatic;
				DEVELOPMENT_TEAM = WGQV3YPMH6;
				INFOPLIST_FILE = NumbersLight/Info.plist;
				IPHONEOS_DEPLOYMENT_TARGET = 12.2;
				LD_RUNPATH_SEARCH_PATHS = (
					"$(inherited)",
					"@executable_path/Frameworks",
				);
				PRODUCT_BUNDLE_IDENTIFIER = com.gsabatie.NumbersLight;
				PRODUCT_NAME = "$(TARGET_NAME)";
				SWIFT_VERSION = 5.0;
				TARGETED_DEVICE_FAMILY = "1,2";
			};
			name = Debug;
		};
		36347C5123DF4A5700059A32 /* Release */ = {
			isa = XCBuildConfiguration;
			baseConfigurationReference = 937F7BBA4698665310361354 /* Pods-NumbersLight.release.xcconfig */;
			buildSettings = {
				ASSETCATALOG_COMPILER_APPICON_NAME = AppIcon;
				CODE_SIGN_STYLE = Automatic;
				DEVELOPMENT_TEAM = WGQV3YPMH6;
				INFOPLIST_FILE = NumbersLight/Info.plist;
				IPHONEOS_DEPLOYMENT_TARGET = 12.2;
				LD_RUNPATH_SEARCH_PATHS = (
					"$(inherited)",
					"@executable_path/Frameworks",
				);
				PRODUCT_BUNDLE_IDENTIFIER = com.gsabatie.NumbersLight;
				PRODUCT_NAME = "$(TARGET_NAME)";
				SWIFT_VERSION = 5.0;
				TARGETED_DEVICE_FAMILY = "1,2";
			};
			name = Release;
		};
		36347C5323DF4A5700059A32 /* Debug */ = {
			isa = XCBuildConfiguration;
			baseConfigurationReference = C3174E7FB3E56939DB168375 /* Pods-NumbersLightTests.debug.xcconfig */;
			buildSettings = {
				ALWAYS_EMBED_SWIFT_STANDARD_LIBRARIES = YES;
				BUNDLE_LOADER = "$(TEST_HOST)";
				CODE_SIGN_STYLE = Automatic;
				DEVELOPMENT_TEAM = WGQV3YPMH6;
				INFOPLIST_FILE = NumbersLightTests/Info.plist;
				IPHONEOS_DEPLOYMENT_TARGET = 13.2;
				LD_RUNPATH_SEARCH_PATHS = (
					"$(inherited)",
					"@executable_path/Frameworks",
					"@loader_path/Frameworks",
				);
				PRODUCT_BUNDLE_IDENTIFIER = com.gsabatie.NumbersLightTests;
				PRODUCT_NAME = "$(TARGET_NAME)";
				SWIFT_VERSION = 5.0;
				TARGETED_DEVICE_FAMILY = "1,2";
				TEST_HOST = "$(BUILT_PRODUCTS_DIR)/NumbersLight.app/NumbersLight";
			};
			name = Debug;
		};
		36347C5423DF4A5700059A32 /* Release */ = {
			isa = XCBuildConfiguration;
			baseConfigurationReference = 98372E2953DA4F575BD5FDB4 /* Pods-NumbersLightTests.release.xcconfig */;
			buildSettings = {
				ALWAYS_EMBED_SWIFT_STANDARD_LIBRARIES = YES;
				BUNDLE_LOADER = "$(TEST_HOST)";
				CODE_SIGN_STYLE = Automatic;
				DEVELOPMENT_TEAM = WGQV3YPMH6;
				INFOPLIST_FILE = NumbersLightTests/Info.plist;
				IPHONEOS_DEPLOYMENT_TARGET = 13.2;
				LD_RUNPATH_SEARCH_PATHS = (
					"$(inherited)",
					"@executable_path/Frameworks",
					"@loader_path/Frameworks",
				);
				PRODUCT_BUNDLE_IDENTIFIER = com.gsabatie.NumbersLightTests;
				PRODUCT_NAME = "$(TARGET_NAME)";
				SWIFT_VERSION = 5.0;
				TARGETED_DEVICE_FAMILY = "1,2";
				TEST_HOST = "$(BUILT_PRODUCTS_DIR)/NumbersLight.app/NumbersLight";
			};
			name = Release;
		};
		36347C5623DF4A5700059A32 /* Debug */ = {
			isa = XCBuildConfiguration;
			baseConfigurationReference = 1CBE446D7E4912E2A70409CF /* Pods-NumbersLight-NumbersLightUITests.debug.xcconfig */;
			buildSettings = {
				ALWAYS_EMBED_SWIFT_STANDARD_LIBRARIES = YES;
				CODE_SIGN_STYLE = Automatic;
				DEVELOPMENT_TEAM = WGQV3YPMH6;
				INFOPLIST_FILE = NumbersLightUITests/Info.plist;
				LD_RUNPATH_SEARCH_PATHS = (
					"$(inherited)",
					"@executable_path/Frameworks",
					"@loader_path/Frameworks",
				);
				PRODUCT_BUNDLE_IDENTIFIER = com.gsabatie.NumbersLightUITests;
				PRODUCT_NAME = "$(TARGET_NAME)";
				SWIFT_VERSION = 5.0;
				TARGETED_DEVICE_FAMILY = "1,2";
				TEST_TARGET_NAME = NumbersLight;
			};
			name = Debug;
		};
		36347C5723DF4A5700059A32 /* Release */ = {
			isa = XCBuildConfiguration;
			baseConfigurationReference = 1CE8C2BD0B5F0786A5ED8C26 /* Pods-NumbersLight-NumbersLightUITests.release.xcconfig */;
			buildSettings = {
				ALWAYS_EMBED_SWIFT_STANDARD_LIBRARIES = YES;
				CODE_SIGN_STYLE = Automatic;
				DEVELOPMENT_TEAM = WGQV3YPMH6;
				INFOPLIST_FILE = NumbersLightUITests/Info.plist;
				LD_RUNPATH_SEARCH_PATHS = (
					"$(inherited)",
					"@executable_path/Frameworks",
					"@loader_path/Frameworks",
				);
				PRODUCT_BUNDLE_IDENTIFIER = com.gsabatie.NumbersLightUITests;
				PRODUCT_NAME = "$(TARGET_NAME)";
				SWIFT_VERSION = 5.0;
				TARGETED_DEVICE_FAMILY = "1,2";
				TEST_TARGET_NAME = NumbersLight;
			};
			name = Release;
		};
/* End XCBuildConfiguration section */

/* Begin XCConfigurationList section */
		36347C2023DF4A5400059A32 /* Build configuration list for PBXProject "NumbersLight" */ = {
			isa = XCConfigurationList;
			buildConfigurations = (
				36347C4D23DF4A5700059A32 /* Debug */,
				36347C4E23DF4A5700059A32 /* Release */,
			);
			defaultConfigurationIsVisible = 0;
			defaultConfigurationName = Release;
		};
		36347C4F23DF4A5700059A32 /* Build configuration list for PBXNativeTarget "NumbersLight" */ = {
			isa = XCConfigurationList;
			buildConfigurations = (
				36347C5023DF4A5700059A32 /* Debug */,
				36347C5123DF4A5700059A32 /* Release */,
			);
			defaultConfigurationIsVisible = 0;
			defaultConfigurationName = Release;
		};
		36347C5223DF4A5700059A32 /* Build configuration list for PBXNativeTarget "NumbersLightTests" */ = {
			isa = XCConfigurationList;
			buildConfigurations = (
				36347C5323DF4A5700059A32 /* Debug */,
				36347C5423DF4A5700059A32 /* Release */,
			);
			defaultConfigurationIsVisible = 0;
			defaultConfigurationName = Release;
		};
		36347C5523DF4A5700059A32 /* Build configuration list for PBXNativeTarget "NumbersLightUITests" */ = {
			isa = XCConfigurationList;
			buildConfigurations = (
				36347C5623DF4A5700059A32 /* Debug */,
				36347C5723DF4A5700059A32 /* Release */,
			);
			defaultConfigurationIsVisible = 0;
			defaultConfigurationName = Release;
		};
/* End XCConfigurationList section */
	};
	rootObject = 36347C1D23DF4A5400059A32 /* Project object */;
}
